Microsoft Visual Studio Solution File, Format Version 11.00
# Visual Studio 2008

Project("{1D3D5E74-9F4D-1349-2FE3-45C19D9E65ED}") = "WitchGarden", "Assembly-CSharp.csproj", "{31612B88-50F5-2478-B094-29810AFFB45E}"
EndProject
Global
	GlobalSection(SolutionConfigurationPlatforms) = preSolution
		Debug|Any CPU = Debug|Any CPU
		Release|Any CPU = Release|Any CPU
	EndGlobalSection
	GlobalSection(ProjectConfigurationPlatforms) = postSolution
		{31612B88-50F5-2478-B094-29810AFFB45E}.Debug|Any CPU.ActiveCfg = Debug|Any CPU
		{31612B88-50F5-2478-B094-29810AFFB45E}.Debug|Any CPU.Build.0 = Debug|Any CPU
		{31612B88-50F5-2478-B094-29810AFFB45E}.Release|Any CPU.ActiveCfg = Release|Any CPU
		{31612B88-50F5-2478-B094-29810AFFB45E}.Release|Any CPU.Build.0 = Release|Any CPU
	EndGlobalSection
	GlobalSection(SolutionProperties) = preSolution
		HideSolutionNode = FALSE
	EndGlobalSection
	GlobalSection(MonoDevelopProperties) = preSolution
		StartupItem = Assembly-CSharp.csproj
	EndGlobalSection
EndGlobal
